PODS:
  - AuthTabBar (1.0.0):
    - ChatInterfaces (~> 1.0.0)
    - Core (~> 1.0.0)
    - NeedleFoundation
  - Chat (1.0.0):
    - ChatInterfaces (~> 1.0.0)
    - Core (~> 1.0.0)
    - NeedleFoundation
  - ChatInterfaces (1.0.0)
  - Core (1.0.0)
  - NeedleFoundation (0.24.0)

DEPENDENCIES:
  - AuthTabBar (from `DevPods/AuthTabBar`)
  - Chat (from `DevPods/Chat`)
  - ChatInterfaces (from `DevPods/ChatInterfaces`)
  - Core (from `DevPods/Core`)
  - NeedleFoundation (from `https://github.com/uber/needle`, tag `v0.24.0`)

EXTERNAL SOURCES:
  AuthTabBar:
    :path: DevPods/AuthTabBar
  Chat:
    :path: DevPods/Chat
  ChatInterfaces:
    :path: DevPods/ChatInterfaces
  Core:
    :path: DevPods/Core
  NeedleFoundation:
    :git: https://github.com/uber/needle
    :tag: v0.24.0

CHECKOUT OPTIONS:
  NeedleFoundation:
    :git: https://github.com/uber/needle
    :tag: v0.24.0

SPEC CHECKSUMS:
  AuthTabBar: 2ecc69f68401a2362ef4d4ee9909d5f8aa2ea093
  Chat: 1b2af1b51480ac494fe58dce2b40ee074528c735
  ChatInterfaces: 249c4dbbe60b97b9bdb610b1a9a37d9ab63eb5f7
  Core: 97b7d889a6cb4c48eea672bab47fff9de7de884b
  NeedleFoundation: dd0e9a2b86db4cbbc475f26a5c33aff2aac89817

PODFILE CHECKSUM: f27e1eca64ee208480fe1999fca270d8cc964aac

COCOAPODS: 1.15.2
