PODS:
  - AuthTabBar (1.0.0):
    - Chat (~> 1.0.0)
    - Core (~> 1.0.0)
    - NeedleFoundation
  - Chat (1.0.0):
    - Core (~> 1.0.0)
    - NeedleFoundation
  - Core (1.0.0)
  - MySDK (1.0.0):
    - AuthTabBar (~> 1.0.0)
    - Chat (~> 1.0.0)
    - Core (~> 1.0.0)
    - NeedleFoundation
  - NeedleFoundation (0.24.0)

DEPENDENCIES:
  - AuthTabBar (from `DevPods/AuthTabBar`)
  - Chat (from `DevPods/Chat`)
  - Core (from `DevPods/Core`)
  - MySDK (from `DevPods/MySDK`)
  - NeedleFoundation (from `https://github.com/uber/needle`, tag `v0.24.0`)

EXTERNAL SOURCES:
  AuthTabBar:
    :path: DevPods/AuthTabBar
  Chat:
    :path: DevPods/Chat
  Core:
    :path: DevPods/Core
  MySDK:
    :path: DevPods/MySDK
  NeedleFoundation:
    :git: https://github.com/uber/needle
    :tag: v0.24.0

CHECKOUT OPTIONS:
  NeedleFoundation:
    :git: https://github.com/uber/needle
    :tag: v0.24.0

SPEC CHECKSUMS:
  AuthTabBar: 98db1925beb27b2d4487f327e0ffb42e2b02f93c
  Chat: 83e2b1d4eef3f3c403bec0d65c388eb783059385
  Core: 97b7d889a6cb4c48eea672bab47fff9de7de884b
  MySDK: ee3a64658c2f6acdb7e7ff9ad3c0c86e0432191a
  NeedleFoundation: dd0e9a2b86db4cbbc475f26a5c33aff2aac89817

PODFILE CHECKSUM: 13404f560b9244299bdfd6843d0abb302e41f8f0

COCOAPODS: 1.15.2
